// !$*UTF8*$!
{
	archiveVersion = 1;
	classes = {
	};
	objectVersion = 46;
	objects = {

/* Begin PBXBuildFile section */
		131CF9BDD68D1C13B2CEFE63 /* Pods.framework in Frameworks */ = {isa = PBXBuildFile; fileRef = 793C13B9F465CBC4090C2780 /* Pods.framework */; settings = {ATTRIBUTES = (Required, ); }; };
		5E14977A1A13A1890034F34F /* Main.storyboard in Resources */ = {isa = PBXBuildFile; fileRef = 5E1497781A13A1890034F34F /* Main.storyboard */; };
		5E14977C1A13A1890034F34F /* Images.xcassets in Resources */ = {isa = PBXBuildFile; fileRef = 5E14977B1A13A1890034F34F /* Images.xcassets */; };
		5E14977F1A13A1890034F34F /* LaunchScreen.xib in Resources */ = {isa = PBXBuildFile; fileRef = 5E14977D1A13A1890034F34F /* LaunchScreen.xib */; };
		5E1C98251ACFFFC300E89A1A /* NotificationService.swift in Sources */ = {isa = PBXBuildFile; fileRef = 5E1C98241ACFFFC300E89A1A /* NotificationService.swift */; };
		5E1C98311AD0004600E89A1A /* Notification.swift in Sources */ = {isa = PBXBuildFile; fileRef = 5E1C98301AD0004600E89A1A /* Notification.swift */; };
		5E2208EB1A3DD52100A88A51 /* StringExtension.swift in Sources */ = {isa = PBXBuildFile; fileRef = 5E2208EA1A3DD52100A88A51 /* StringExtension.swift */; };
		5E29CF471B7838BB0071B54D /* StoreKit.framework in Frameworks */ = {isa = PBXBuildFile; fileRef = 5E29CF461B7838BB0071B54D /* StoreKit.framework */; };
		5E29CF491B783AAE0071B54D /* PurchaseViewController.swift in Sources */ = {isa = PBXBuildFile; fileRef = 5E29CF481B783AAE0071B54D /* PurchaseViewController.swift */; };
		5E2F685E1A43CB9700EEECBD /* Reply.swift in Sources */ = {isa = PBXBuildFile; fileRef = 5E2F685D1A43CB9700EEECBD /* Reply.swift */; };
		5E3759B91A3C7640003DB82A /* AppDelegate.swift in Sources */ = {isa = PBXBuildFile; fileRef = 5E3759B81A3C7640003DB82A /* AppDelegate.swift */; };
		5E38F3D61AD8D37500186E18 /* UserNotificationListCellViewModel.swift in Sources */ = {isa = PBXBuildFile; fileRef = 5E38F3D51AD8D37500186E18 /* UserNotificationListCellViewModel.swift */; };
		5E38F3DF1AD90D5A00186E18 /* V2EXTableViewController.swift in Sources */ = {isa = PBXBuildFile; fileRef = 5E38F3DE1AD90D5A00186E18 /* V2EXTableViewController.swift */; };
		5E4AA8681A3F032900AA2F3D /* Node.swift in Sources */ = {isa = PBXBuildFile; fileRef = 5E4AA8671A3F032900AA2F3D /* Node.swift */; };
		5E4AA86D1A3F0EA000AA2F3D /* TopicListCellViewModel.swift in Sources */ = {isa = PBXBuildFile; fileRef = 5E4AA86C1A3F0EA000AA2F3D /* TopicListCellViewModel.swift */; };
		5E4C0CBF1B76F9C500306C16 /* UserInfoTableViewCell.swift in Sources */ = {isa = PBXBuildFile; fileRef = 5E4C0CBE1B76F9C500306C16 /* UserInfoTableViewCell.swift */; };
		5E4C0CC11B77047D00306C16 /* UserIntroTableViewCell.swift in Sources */ = {isa = PBXBuildFile; fileRef = 5E4C0CC01B77047D00306C16 /* UserIntroTableViewCell.swift */; };
		5E4C0CC31B77381400306C16 /* PreferenceViewController.swift in Sources */ = {isa = PBXBuildFile; fileRef = 5E4C0CC21B77381400306C16 /* PreferenceViewController.swift */; };
		5E4D5D0E1B6633FF002A05EE /* ReplyTopicViewController.swift in Sources */ = {isa = PBXBuildFile; fileRef = 5E4D5D0D1B6633FF002A05EE /* ReplyTopicViewController.swift */; };
		5E4D5D101B66743B002A05EE /* ThirdPartyNetworking.swift in Sources */ = {isa = PBXBuildFile; fileRef = 5E4D5D0F1B66743B002A05EE /* ThirdPartyNetworking.swift */; };
		5E5216631AD932760017187C /* UITableView+UITableView_CustomMJRefresh.m in Sources */ = {isa = PBXBuildFile; fileRef = 5E5216621AD932760017187C /* UITableView+UITableView_CustomMJRefresh.m */; };
		5E546A451B801EBC00DD2059 /* avatar_placeholder.png in Resources */ = {isa = PBXBuildFile; fileRef = 5E546A441B801EBC00DD2059 /* avatar_placeholder.png */; };
		5E58D2DF1AB71913003058D6 /* TopicViewModel.swift in Sources */ = {isa = PBXBuildFile; fileRef = 5E58D2DE1AB71913003058D6 /* TopicViewModel.swift */; };
		5E5F23C61A395DBD00D20FE9 /* ContainerViewController.swift in Sources */ = {isa = PBXBuildFile; fileRef = 5E5F23B21A395DBD00D20FE9 /* ContainerViewController.swift */; };
		5E5F23C71A395DBD00D20FE9 /* DiscoveryViewController.swift in Sources */ = {isa = PBXBuildFile; fileRef = 5E5F23B31A395DBD00D20FE9 /* DiscoveryViewController.swift */; };
		5E5F23C81A395DBD00D20FE9 /* NodeListViewController.swift in Sources */ = {isa = PBXBuildFile; fileRef = 5E5F23B41A395DBD00D20FE9 /* NodeListViewController.swift */; };
		5E5F23CA1A395DBD00D20FE9 /* RootViewController.swift in Sources */ = {isa = PBXBuildFile; fileRef = 5E5F23B61A395DBD00D20FE9 /* RootViewController.swift */; };
		5E5F23CB1A395DBD00D20FE9 /* TopicListViewController.swift in Sources */ = {isa = PBXBuildFile; fileRef = 5E5F23B71A395DBD00D20FE9 /* TopicListViewController.swift */; };
		5E5F23CC1A395DBD00D20FE9 /* UIViewControllerExtension.swift in Sources */ = {isa = PBXBuildFile; fileRef = 5E5F23B81A395DBD00D20FE9 /* UIViewControllerExtension.swift */; };
		5E5F23CD1A395DBD00D20FE9 /* UserViewController.swift in Sources */ = {isa = PBXBuildFile; fileRef = 5E5F23B91A395DBD00D20FE9 /* UserViewController.swift */; };
		5E5F23CE1A395DBD00D20FE9 /* Topic.swift in Sources */ = {isa = PBXBuildFile; fileRef = 5E5F23BB1A395DBD00D20FE9 /* Topic.swift */; };
		5E5F23CF1A395DBD00D20FE9 /* User.swift in Sources */ = {isa = PBXBuildFile; fileRef = 5E5F23BC1A395DBD00D20FE9 /* User.swift */; };
		5E5F23D11A395DBD00D20FE9 /* Utils.swift in Sources */ = {isa = PBXBuildFile; fileRef = 5E5F23C01A395DBD00D20FE9 /* Utils.swift */; };
		5E5F23D21A395DBD00D20FE9 /* CatPaginatedScrollView.swift in Sources */ = {isa = PBXBuildFile; fileRef = 5E5F23C31A395DBD00D20FE9 /* CatPaginatedScrollView.swift */; };
		5E5F23D31A395DBD00D20FE9 /* HMSegmentedControlExtension.swift in Sources */ = {isa = PBXBuildFile; fileRef = 5E5F23C41A395DBD00D20FE9 /* HMSegmentedControlExtension.swift */; };
		5E5F23D41A395DBD00D20FE9 /* TopicListCell.swift in Sources */ = {isa = PBXBuildFile; fileRef = 5E5F23C51A395DBD00D20FE9 /* TopicListCell.swift */; };
		5E6F316E1ADA068A00C477A5 /* NodeService.swift in Sources */ = {isa = PBXBuildFile; fileRef = 5E6F316D1ADA068A00C477A5 /* NodeService.swift */; };
		5E6F31751ADA238400C477A5 /* CreateTopicViewController.swift in Sources */ = {isa = PBXBuildFile; fileRef = 5E6F31741ADA238400C477A5 /* CreateTopicViewController.swift */; };
		5E7A0ECF1A3D79F600C9251B /* StorableProtocol.swift in Sources */ = {isa = PBXBuildFile; fileRef = 5E7A0ECE1A3D79F600C9251B /* StorableProtocol.swift */; };
		5E7A0ED11A3D7BCB00C9251B /* BaseModel.swift in Sources */ = {isa = PBXBuildFile; fileRef = 5E7A0ED01A3D7BCB00C9251B /* BaseModel.swift */; };
		5E7AB0D01B7C5D1A0008B7AA /* AnimationHelper.swift in Sources */ = {isa = PBXBuildFile; fileRef = 5E7AB0CF1B7C5D1A0008B7AA /* AnimationHelper.swift */; };
		5E83B72A1A3D8FD60079AB3E /* Networking.swift in Sources */ = {isa = PBXBuildFile; fileRef = 5E83B7291A3D8FD60079AB3E /* Networking.swift */; };
		5E83EAD81AB544B90008E877 /* TopicViewController.swift in Sources */ = {isa = PBXBuildFile; fileRef = 5E83EAD71AB544B90008E877 /* TopicViewController.swift */; };
		5E84FDBD1AC857DF00F55D15 /* UserNotificationListCell.swift in Sources */ = {isa = PBXBuildFile; fileRef = 5E84FDBC1AC857DF00F55D15 /* UserNotificationListCell.swift */; };
		5E8523D71ABD525200B7B8C4 /* UserService.swift in Sources */ = {isa = PBXBuildFile; fileRef = 5E8523D61ABD525200B7B8C4 /* UserService.swift */; };
		5E8523E61ABD5C2000B7B8C4 /* DateOperators.swift in Sources */ = {isa = PBXBuildFile; fileRef = 5E8523E51ABD5C2000B7B8C4 /* DateOperators.swift */; };
		5E8523E91ABD5E6300B7B8C4 /* NSDateComponentsExtension.swift in Sources */ = {isa = PBXBuildFile; fileRef = 5E8523E81ABD5E6300B7B8C4 /* NSDateComponentsExtension.swift */; };
		5E8523EC1ABD7B0200B7B8C4 /* UserTopicListViewController.swift in Sources */ = {isa = PBXBuildFile; fileRef = 5E8523EB1ABD7B0200B7B8C4 /* UserTopicListViewController.swift */; };
		5E8523EF1ABD7B0F00B7B8C4 /* UserReplyListController.swift in Sources */ = {isa = PBXBuildFile; fileRef = 5E8523EE1ABD7B0F00B7B8C4 /* UserReplyListController.swift */; };
		5E8523F21ABD7B2000B7B8C4 /* UserNotificationViewController.swift in Sources */ = {isa = PBXBuildFile; fileRef = 5E8523F11ABD7B2000B7B8C4 /* UserNotificationViewController.swift */; };
		5E8523F51ABD7B2D00B7B8C4 /* UserFavoriteController.swift in Sources */ = {isa = PBXBuildFile; fileRef = 5E8523F41ABD7B2D00B7B8C4 /* UserFavoriteController.swift */; };
		5E8523F81ABD831F00B7B8C4 /* UserTopicTableViewCell.swift in Sources */ = {isa = PBXBuildFile; fileRef = 5E8523F71ABD831F00B7B8C4 /* UserTopicTableViewCell.swift */; };
		5E8DEF971AC1BC1C0036D852 /* default_nodes.plist in Resources */ = {isa = PBXBuildFile; fileRef = 5E8DEF961AC1BC1C0036D852 /* default_nodes.plist */; };
		5E8DEFB01AC1C2A00036D852 /* style.css in Resources */ = {isa = PBXBuildFile; fileRef = 5E8DEFA71AC1C2A00036D852 /* style.css */; };
		5E8DEFB21AC1C2A00036D852 /* node_list.html in Resources */ = {isa = PBXBuildFile; fileRef = 5E8DEFA91AC1C2A00036D852 /* node_list.html */; };
		5E8DEFB41AC1C2A00036D852 /* appreciation_icon.png in Resources */ = {isa = PBXBuildFile; fileRef = 5E8DEFAB1AC1C2A00036D852 /* appreciation_icon.png */; };
		5E8DEFB61AC1C2A00036D852 /* favorite_icon.png in Resources */ = {isa = PBXBuildFile; fileRef = 5E8DEFAC1AC1C2A00036D852 /* favorite_icon.png */; };
		5E8DEFBD1AC29BF20036D852 /* WebViewAction.swift in Sources */ = {isa = PBXBuildFile; fileRef = 5E8DEFBC1AC29BF20036D852 /* WebViewAction.swift */; };
		5E924B701B6BC25D00182F3F /* UserInfoView.swift in Sources */ = {isa = PBXBuildFile; fileRef = 5E924B6F1B6BC25D00182F3F /* UserInfoView.swift */; };
		5E924B741B6BC38600182F3F /* UserInfoView.xib in Resources */ = {isa = PBXBuildFile; fileRef = 5E924B731B6BC38600182F3F /* UserInfoView.xib */; };
		5E98290A1A3DC1DE001B1E25 /* TFHppleExtension.swift in Sources */ = {isa = PBXBuildFile; fileRef = 5E9829091A3DC1DE001B1E25 /* TFHppleExtension.swift */; };
		5E9AD42A1ADA027100F40CA4 /* NodeSearchViewController.swift in Sources */ = {isa = PBXBuildFile; fileRef = 5E9AD4291ADA027100F40CA4 /* NodeSearchViewController.swift */; };
		5EA316911B7ED15500E57843 /* MemoryCache.swift in Sources */ = {isa = PBXBuildFile; fileRef = 5EA316901B7ED15500E57843 /* MemoryCache.swift */; };
		5EA63C651B08559000431C96 /* Pods.framework in Embed Frameworks */ = {isa = PBXBuildFile; fileRef = 793C13B9F465CBC4090C2780 /* Pods.framework */; settings = {ATTRIBUTES = (CodeSignOnCopy, RemoveHeadersOnCopy, ); }; };
		5EA63C681B08700A00431C96 /* node_list_bundle.js in Resources */ = {isa = PBXBuildFile; fileRef = 5EA63C661B08700A00431C96 /* node_list_bundle.js */; };
		5EA63C691B08700A00431C96 /* topic_bundle.js in Resources */ = {isa = PBXBuildFile; fileRef = 5EA63C671B08700A00431C96 /* topic_bundle.js */; };
		5EA63C6B1B08701500431C96 /* topic.html in Resources */ = {isa = PBXBuildFile; fileRef = 5EA63C6A1B08701500431C96 /* topic.html */; };
		5EC734361B2BE1EE0082D920 /* BrowserViewController.swift in Sources */ = {isa = PBXBuildFile; fileRef = 5EC734351B2BE1EE0082D920 /* BrowserViewController.swift */; };
		5EC87D511ABC42E200AB071F /* UserLoginViewController.swift in Sources */ = {isa = PBXBuildFile; fileRef = 5EC87D501ABC42E200AB071F /* UserLoginViewController.swift */; };
		5EC87D601ABC4DAD00AB071F /* SessionService.swift in Sources */ = {isa = PBXBuildFile; fileRef = 5EC87D5F1ABC4DAD00AB071F /* SessionService.swift */; };
		5EC87D671ABC545500AB071F /* NSDateExtension.swift in Sources */ = {isa = PBXBuildFile; fileRef = 5EC87D661ABC545500AB071F /* NSDateExtension.swift */; };
		5EC87D6A1ABC579800AB071F /* SessionStorage.swift in Sources */ = {isa = PBXBuildFile; fileRef = 5EC87D691ABC579800AB071F /* SessionStorage.swift */; };
		5EC957B71A3DBB56005E5428 /* TopicSerivce.swift in Sources */ = {isa = PBXBuildFile; fileRef = 5EC957B61A3DBB56005E5428 /* TopicSerivce.swift */; };
		5EC957C31A3DBFFF005E5428 /* V2EXNetworking.swift in Sources */ = {isa = PBXBuildFile; fileRef = 5EC957C21A3DBFFF005E5428 /* V2EXNetworking.swift */; };
		5ED345CD1ABE733300B5E286 /* UserTopicListCellViewModel.swift in Sources */ = {isa = PBXBuildFile; fileRef = 5ED345CC1ABE733300B5E286 /* UserTopicListCellViewModel.swift */; };
		5ED345DD1ABEB3C100B5E286 /* UserReplyTableViewCell.swift in Sources */ = {isa = PBXBuildFile; fileRef = 5ED345DC1ABEB3C100B5E286 /* UserReplyTableViewCell.swift */; };
		5ED345E01ABEB45A00B5E286 /* UserReplyListCellViewModel.swift in Sources */ = {isa = PBXBuildFile; fileRef = 5ED345DF1ABEB45A00B5E286 /* UserReplyListCellViewModel.swift */; };
		5EF398A51B7A31C20005D60B /* V2EXError.swift in Sources */ = {isa = PBXBuildFile; fileRef = 5EF398A41B7A31C20005D60B /* V2EXError.swift */; };
/* End PBXBuildFile section */

/* Begin PBXCopyFilesBuildPhase section */
		5E4AA8721A3F14E100AA2F3D /* Embed Frameworks */ = {
			isa = PBXCopyFilesBuildPhase;
			buildActionMask = 12;
			dstPath = "";
			dstSubfolderSpec = 10;
			files = (
				5EA63C651B08559000431C96 /* Pods.framework in Embed Frameworks */,
			);
			name = "Embed Frameworks";
			runOnlyForDeploymentPostprocessing = 0;
		};
/* End PBXCopyFilesBuildPhase section */

/* Begin PBXFileReference section */
		35C98C0EB1FE7B2748B19B73 /* Pods.release.xcconfig */ = {isa = PBXFileReference; includeInIndex = 1; lastKnownFileType = text.xcconfig; name = Pods.release.xcconfig; path = "Pods/Target Support Files/Pods/Pods.release.xcconfig"; sourceTree = "<group>"; };
		5E14976F1A13A1890034F34F /* V2EX.app */ = {isa = PBXFileReference; explicitFileType = wrapper.application; includeInIndex = 0; path = V2EX.app; sourceTree = BUILT_PRODUCTS_DIR; };
		5E1497731A13A1890034F34F /* Info.plist */ = {isa = PBXFileReference; lastKnownFileType = text.plist.xml; path = Info.plist; sourceTree = "<group>"; };
		5E1497791A13A1890034F34F /* Base */ = {isa = PBXFileReference; lastKnownFileType = file.storyboard; name = Base; path = Base.lproj/Main.storyboard; sourceTree = "<group>"; };
		5E14977B1A13A1890034F34F /* Images.xcassets */ = {isa = PBXFileReference; lastKnownFileType = folder.assetcatalog; path = Images.xcassets; sourceTree = "<group>"; };
		5E14977E1A13A1890034F34F /* Base */ = {isa = PBXFileReference; lastKnownFileType = file.xib; name = Base; path = Base.lproj/LaunchScreen.xib; sourceTree = "<group>"; };
		5E1C98241ACFFFC300E89A1A /* NotificationService.swift */ = {isa = PBXFileReference; fileEncoding = 4; lastKnownFileType = sourcecode.swift; path = NotificationService.swift; sourceTree = "<group>"; };
		5E1C98301AD0004600E89A1A /* Notification.swift */ = {isa = PBXFileReference; fileEncoding = 4; lastKnownFileType = sourcecode.swift; path = Notification.swift; sourceTree = "<group>"; };
		5E2208EA1A3DD52100A88A51 /* StringExtension.swift */ = {isa = PBXFileReference; fileEncoding = 4; lastKnownFileType = sourcecode.swift; path = StringExtension.swift; sourceTree = "<group>"; };
		5E29CF461B7838BB0071B54D /* StoreKit.framework */ = {isa = PBXFileReference; lastKnownFileType = wrapper.framework; name = StoreKit.framework; path = System/Library/Frameworks/StoreKit.framework; sourceTree = SDKROOT; };
		5E29CF481B783AAE0071B54D /* PurchaseViewController.swift */ = {isa = PBXFileReference; fileEncoding = 4; lastKnownFileType = sourcecode.swift; path = PurchaseViewController.swift; sourceTree = "<group>"; };
		5E2F685D1A43CB9700EEECBD /* Reply.swift */ = {isa = PBXFileReference; fileEncoding = 4; lastKnownFileType = sourcecode.swift; path = Reply.swift; sourceTree = "<group>"; };
		5E3759B81A3C7640003DB82A /* AppDelegate.swift */ = {isa = PBXFileReference; fileEncoding = 4; lastKnownFileType = sourcecode.swift; path = AppDelegate.swift; sourceTree = "<group>"; };
		5E38F3D51AD8D37500186E18 /* UserNotificationListCellViewModel.swift */ = {isa = PBXFileReference; fileEncoding = 4; lastKnownFileType = sourcecode.swift; path = UserNotificationListCellViewModel.swift; sourceTree = "<group>"; };
		5E38F3DE1AD90D5A00186E18 /* V2EXTableViewController.swift */ = {isa = PBXFileReference; fileEncoding = 4; lastKnownFileType = sourcecode.swift; path = V2EXTableViewController.swift; sourceTree = "<group>"; };
		5E4AA8671A3F032900AA2F3D /* Node.swift */ = {isa = PBXFileReference; fileEncoding = 4; lastKnownFileType = sourcecode.swift; path = Node.swift; sourceTree = "<group>"; };
		5E4AA86C1A3F0EA000AA2F3D /* TopicListCellViewModel.swift */ = {isa = PBXFileReference; fileEncoding = 4; lastKnownFileType = sourcecode.swift; path = TopicListCellViewModel.swift; sourceTree = "<group>"; };
		5E4C0CBE1B76F9C500306C16 /* UserInfoTableViewCell.swift */ = {isa = PBXFileReference; fileEncoding = 4; lastKnownFileType = sourcecode.swift; path = UserInfoTableViewCell.swift; sourceTree = "<group>"; };
		5E4C0CC01B77047D00306C16 /* UserIntroTableViewCell.swift */ = {isa = PBXFileReference; fileEncoding = 4; lastKnownFileType = sourcecode.swift; path = UserIntroTableViewCell.swift; sourceTree = "<group>"; };
		5E4C0CC21B77381400306C16 /* PreferenceViewController.swift */ = {isa = PBXFileReference; fileEncoding = 4; lastKnownFileType = sourcecode.swift; path = PreferenceViewController.swift; sourceTree = "<group>"; };
		5E4D5D0D1B6633FF002A05EE /* ReplyTopicViewController.swift */ = {isa = PBXFileReference; fileEncoding = 4; lastKnownFileType = sourcecode.swift; path = ReplyTopicViewController.swift; sourceTree = "<group>"; };
		5E4D5D0F1B66743B002A05EE /* ThirdPartyNetworking.swift */ = {isa = PBXFileReference; fileEncoding = 4; lastKnownFileType = sourcecode.swift; path = ThirdPartyNetworking.swift; sourceTree = "<group>"; };
		5E5216611AD932760017187C /* UITableView+UITableView_CustomMJRefresh.h */ = {isa = PBXFileReference; fileEncoding = 4; lastKnownFileType = sourcecode.c.h; path = "UITableView+UITableView_CustomMJRefresh.h"; sourceTree = "<group>"; };
		5E5216621AD932760017187C /* UITableView+UITableView_CustomMJRefresh.m */ = {isa = PBXFileReference; fileEncoding = 4; lastKnownFileType = sourcecode.c.objc; path = "UITableView+UITableView_CustomMJRefresh.m"; sourceTree = "<group>"; };
		5E546A441B801EBC00DD2059 /* avatar_placeholder.png */ = {isa = PBXFileReference; lastKnownFileType = image.png; path = avatar_placeholder.png; sourceTree = "<group>"; };
		5E58D2DE1AB71913003058D6 /* TopicViewModel.swift */ = {isa = PBXFileReference; fileEncoding = 4; lastKnownFileType = sourcecode.swift; path = TopicViewModel.swift; sourceTree = "<group>"; };
		5E5F23B21A395DBD00D20FE9 /* ContainerViewController.swift */ = {isa = PBXFileReference; fileEncoding = 4; lastKnownFileType = sourcecode.swift; path = ContainerViewController.swift; sourceTree = "<group>"; };
		5E5F23B31A395DBD00D20FE9 /* DiscoveryViewController.swift */ = {isa = PBXFileReference; fileEncoding = 4; lastKnownFileType = sourcecode.swift; path = DiscoveryViewController.swift; sourceTree = "<group>"; };
		5E5F23B41A395DBD00D20FE9 /* NodeListViewController.swift */ = {isa = PBXFileReference; fileEncoding = 4; lastKnownFileType = sourcecode.swift; path = NodeListViewController.swift; sourceTree = "<group>"; };
		5E5F23B61A395DBD00D20FE9 /* RootViewController.swift */ = {isa = PBXFileReference; fileEncoding = 4; lastKnownFileType = sourcecode.swift; path = RootViewController.swift; sourceTree = "<group>"; };
		5E5F23B71A395DBD00D20FE9 /* TopicListViewController.swift */ = {isa = PBXFileReference; fileEncoding = 4; lastKnownFileType = sourcecode.swift; path = TopicListViewController.swift; sourceTree = "<group>"; };
		5E5F23B81A395DBD00D20FE9 /* UIViewControllerExtension.swift */ = {isa = PBXFileReference; fileEncoding = 4; lastKnownFileType = sourcecode.swift; path = UIViewControllerExtension.swift; sourceTree = "<group>"; };
		5E5F23B91A395DBD00D20FE9 /* UserViewController.swift */ = {isa = PBXFileReference; fileEncoding = 4; lastKnownFileType = sourcecode.swift; path = UserViewController.swift; sourceTree = "<group>"; };
		5E5F23BB1A395DBD00D20FE9 /* Topic.swift */ = {isa = PBXFileReference; fileEncoding = 4; lastKnownFileType = sourcecode.swift; path = Topic.swift; sourceTree = "<group>"; };
		5E5F23BC1A395DBD00D20FE9 /* User.swift */ = {isa = PBXFileReference; fileEncoding = 4; lastKnownFileType = sourcecode.swift; path = User.swift; sourceTree = "<group>"; };
		5E5F23C01A395DBD00D20FE9 /* Utils.swift */ = {isa = PBXFileReference; fileEncoding = 4; lastKnownFileType = sourcecode.swift; path = Utils.swift; sourceTree = "<group>"; };
		5E5F23C31A395DBD00D20FE9 /* CatPaginatedScrollView.swift */ = {isa = PBXFileReference; fileEncoding = 4; lastKnownFileType = sourcecode.swift; path = CatPaginatedScrollView.swift; sourceTree = "<group>"; };
		5E5F23C41A395DBD00D20FE9 /* HMSegmentedControlExtension.swift */ = {isa = PBXFileReference; fileEncoding = 4; lastKnownFileType = sourcecode.swift; path = HMSegmentedControlExtension.swift; sourceTree = "<group>"; };
		5E5F23C51A395DBD00D20FE9 /* TopicListCell.swift */ = {isa = PBXFileReference; fileEncoding = 4; lastKnownFileType = sourcecode.swift; path = TopicListCell.swift; sourceTree = "<group>"; };
		5E6F316D1ADA068A00C477A5 /* NodeService.swift */ = {isa = PBXFileReference; fileEncoding = 4; lastKnownFileType = sourcecode.swift; path = NodeService.swift; sourceTree = "<group>"; };
		5E6F31741ADA238400C477A5 /* CreateTopicViewController.swift */ = {isa = PBXFileReference; fileEncoding = 4; lastKnownFileType = sourcecode.swift; path = CreateTopicViewController.swift; sourceTree = "<group>"; };
		5E7A0ECE1A3D79F600C9251B /* StorableProtocol.swift */ = {isa = PBXFileReference; fileEncoding = 4; lastKnownFileType = sourcecode.swift; path = StorableProtocol.swift; sourceTree = "<group>"; };
		5E7A0ED01A3D7BCB00C9251B /* BaseModel.swift */ = {isa = PBXFileReference; fileEncoding = 4; lastKnownFileType = sourcecode.swift; path = BaseModel.swift; sourceTree = "<group>"; };
		5E7AB0CF1B7C5D1A0008B7AA /* AnimationHelper.swift */ = {isa = PBXFileReference; fileEncoding = 4; lastKnownFileType = sourcecode.swift; path = AnimationHelper.swift; sourceTree = "<group>"; };
		5E83B7291A3D8FD60079AB3E /* Networking.swift */ = {isa = PBXFileReference; fileEncoding = 4; lastKnownFileType = sourcecode.swift; path = Networking.swift; sourceTree = "<group>"; };
		5E83EAD71AB544B90008E877 /* TopicViewController.swift */ = {isa = PBXFileReference; fileEncoding = 4; lastKnownFileType = sourcecode.swift; path = TopicViewController.swift; sourceTree = "<group>"; };
		5E84FDBC1AC857DF00F55D15 /* UserNotificationListCell.swift */ = {isa = PBXFileReference; fileEncoding = 4; lastKnownFileType = sourcecode.swift; path = UserNotificationListCell.swift; sourceTree = "<group>"; };
		5E8523D61ABD525200B7B8C4 /* UserService.swift */ = {isa = PBXFileReference; fileEncoding = 4; lastKnownFileType = sourcecode.swift; path = UserService.swift; sourceTree = "<group>"; };
		5E8523E51ABD5C2000B7B8C4 /* DateOperators.swift */ = {isa = PBXFileReference; fileEncoding = 4; lastKnownFileType = sourcecode.swift; path = DateOperators.swift; sourceTree = "<group>"; };
		5E8523E81ABD5E6300B7B8C4 /* NSDateComponentsExtension.swift */ = {isa = PBXFileReference; fileEncoding = 4; lastKnownFileType = sourcecode.swift; path = NSDateComponentsExtension.swift; sourceTree = "<group>"; };
		5E8523EB1ABD7B0200B7B8C4 /* UserTopicListViewController.swift */ = {isa = PBXFileReference; fileEncoding = 4; lastKnownFileType = sourcecode.swift; path = UserTopicListViewController.swift; sourceTree = "<group>"; };
		5E8523EE1ABD7B0F00B7B8C4 /* UserReplyListController.swift */ = {isa = PBXFileReference; fileEncoding = 4; lastKnownFileType = sourcecode.swift; path = UserReplyListController.swift; sourceTree = "<group>"; };
		5E8523F11ABD7B2000B7B8C4 /* UserNotificationViewController.swift */ = {isa = PBXFileReference; fileEncoding = 4; lastKnownFileType = sourcecode.swift; path = UserNotificationViewController.swift; sourceTree = "<group>"; };
		5E8523F41ABD7B2D00B7B8C4 /* UserFavoriteController.swift */ = {isa = PBXFileReference; fileEncoding = 4; lastKnownFileType = sourcecode.swift; path = UserFavoriteController.swift; sourceTree = "<group>"; };
		5E8523F71ABD831F00B7B8C4 /* UserTopicTableViewCell.swift */ = {isa = PBXFileReference; fileEncoding = 4; lastKnownFileType = sourcecode.swift; path = UserTopicTableViewCell.swift; sourceTree = "<group>"; };
		5E8DEF961AC1BC1C0036D852 /* default_nodes.plist */ = {isa = PBXFileReference; fileEncoding = 4; lastKnownFileType = text.plist.xml; path = default_nodes.plist; sourceTree = "<group>"; };
		5E8DEFA71AC1C2A00036D852 /* style.css */ = {isa = PBXFileReference; fileEncoding = 4; lastKnownFileType = text.css; path = style.css; sourceTree = "<group>"; };
		5E8DEFA91AC1C2A00036D852 /* node_list.html */ = {isa = PBXFileReference; fileEncoding = 4; lastKnownFileType = text.html; path = node_list.html; sourceTree = "<group>"; };
		5E8DEFAB1AC1C2A00036D852 /* appreciation_icon.png */ = {isa = PBXFileReference; lastKnownFileType = image.png; path = appreciation_icon.png; sourceTree = "<group>"; };
		5E8DEFAC1AC1C2A00036D852 /* favorite_icon.png */ = {isa = PBXFileReference; lastKnownFileType = image.png; path = favorite_icon.png; sourceTree = "<group>"; };
		5E8DEFBC1AC29BF20036D852 /* WebViewAction.swift */ = {isa = PBXFileReference; fileEncoding = 4; lastKnownFileType = sourcecode.swift; path = WebViewAction.swift; sourceTree = "<group>"; };
		5E924B6F1B6BC25D00182F3F /* UserInfoView.swift */ = {isa = PBXFileReference; fileEncoding = 4; lastKnownFileType = sourcecode.swift; path = UserInfoView.swift; sourceTree = "<group>"; };
		5E924B731B6BC38600182F3F /* UserInfoView.xib */ = {isa = PBXFileReference; fileEncoding = 4; lastKnownFileType = file.xib; path = UserInfoView.xib; sourceTree = "<group>"; };
		5E9829091A3DC1DE001B1E25 /* TFHppleExtension.swift */ = {isa = PBXFileReference; fileEncoding = 4; lastKnownFileType = sourcecode.swift; path = TFHppleExtension.swift; sourceTree = "<group>"; };
		5E9AD4291ADA027100F40CA4 /* NodeSearchViewController.swift */ = {isa = PBXFileReference; fileEncoding = 4; lastKnownFileType = sourcecode.swift; path = NodeSearchViewController.swift; sourceTree = "<group>"; };
		5EA316901B7ED15500E57843 /* MemoryCache.swift */ = {isa = PBXFileReference; fileEncoding = 4; lastKnownFileType = sourcecode.swift; path = MemoryCache.swift; sourceTree = "<group>"; };
		5EA63C661B08700A00431C96 /* node_list_bundle.js */ = {isa = PBXFileReference; fileEncoding = 4; lastKnownFileType = sourcecode.javascript; path = node_list_bundle.js; sourceTree = "<group>"; };
		5EA63C671B08700A00431C96 /* topic_bundle.js */ = {isa = PBXFileReference; fileEncoding = 4; lastKnownFileType = sourcecode.javascript; path = topic_bundle.js; sourceTree = "<group>"; };
		5EA63C6A1B08701500431C96 /* topic.html */ = {isa = PBXFileReference; fileEncoding = 4; lastKnownFileType = text.html; path = topic.html; sourceTree = "<group>"; };
		5EC734351B2BE1EE0082D920 /* BrowserViewController.swift */ = {isa = PBXFileReference; fileEncoding = 4; lastKnownFileType = sourcecode.swift; path = BrowserViewController.swift; sourceTree = "<group>"; };
		5EC87D501ABC42E200AB071F /* UserLoginViewController.swift */ = {isa = PBXFileReference; fileEncoding = 4; lastKnownFileType = sourcecode.swift; path = UserLoginViewController.swift; sourceTree = "<group>"; };
		5EC87D5F1ABC4DAD00AB071F /* SessionService.swift */ = {isa = PBXFileReference; fileEncoding = 4; lastKnownFileType = sourcecode.swift; path = SessionService.swift; sourceTree = "<group>"; };
		5EC87D661ABC545500AB071F /* NSDateExtension.swift */ = {isa = PBXFileReference; fileEncoding = 4; lastKnownFileType = sourcecode.swift; path = NSDateExtension.swift; sourceTree = "<group>"; };
		5EC87D691ABC579800AB071F /* SessionStorage.swift */ = {isa = PBXFileReference; fileEncoding = 4; lastKnownFileType = sourcecode.swift; path = SessionStorage.swift; sourceTree = "<group>"; };
		5EC957B61A3DBB56005E5428 /* TopicSerivce.swift */ = {isa = PBXFileReference; fileEncoding = 4; lastKnownFileType = sourcecode.swift; path = TopicSerivce.swift; sourceTree = "<group>"; };
		5EC957C21A3DBFFF005E5428 /* V2EXNetworking.swift */ = {isa = PBXFileReference; fileEncoding = 4; lastKnownFileType = sourcecode.swift; path = V2EXNetworking.swift; sourceTree = "<group>"; };
		5ED345CC1ABE733300B5E286 /* UserTopicListCellViewModel.swift */ = {isa = PBXFileReference; fileEncoding = 4; lastKnownFileType = sourcecode.swift; path = UserTopicListCellViewModel.swift; sourceTree = "<group>"; };
		5ED345DC1ABEB3C100B5E286 /* UserReplyTableViewCell.swift */ = {isa = PBXFileReference; fileEncoding = 4; lastKnownFileType = sourcecode.swift; path = UserReplyTableViewCell.swift; sourceTree = "<group>"; };
		5ED345DF1ABEB45A00B5E286 /* UserReplyListCellViewModel.swift */ = {isa = PBXFileReference; fileEncoding = 4; lastKnownFileType = sourcecode.swift; path = UserReplyListCellViewModel.swift; sourceTree = "<group>"; };
		5EF398A41B7A31C20005D60B /* V2EXError.swift */ = {isa = PBXFileReference; fileEncoding = 4; lastKnownFileType = sourcecode.swift; path = V2EXError.swift; sourceTree = "<group>"; };
		5EFF89451A13A26D0091C84B /* V2EX-Bridging-Header.h */ = {isa = PBXFileReference; lastKnownFileType = sourcecode.c.h; path = "V2EX-Bridging-Header.h"; sourceTree = "<group>"; };
		793C13B9F465CBC4090C2780 /* Pods.framework */ = {isa = PBXFileReference; explicitFileType = wrapper.framework; includeInIndex = 0; path = Pods.framework; sourceTree = BUILT_PRODUCTS_DIR; };
		8B13FFA5AACFE1A505B3DE75 /* Pods.debug.xcconfig */ = {isa = PBXFileReference; includeInIndex = 1; lastKnownFileType = text.xcconfig; name = Pods.debug.xcconfig; path = "Pods/Target Support Files/Pods/Pods.debug.xcconfig"; sourceTree = "<group>"; };
		96F883E90C5AC07C8BAF4CF7 /* Pods-V2EX.release.xcconfig */ = {isa = PBXFileReference; includeInIndex = 1; lastKnownFileType = text.xcconfig; name = "Pods-V2EX.release.xcconfig"; path = "Pods/Target Support Files/Pods-V2EX/Pods-V2EX.release.xcconfig"; sourceTree = "<group>"; };
		FABFC1370FCE50796BED607C /* Pods-V2EX.debug.xcconfig */ = {isa = PBXFileReference; includeInIndex = 1; lastKnownFileType = text.xcconfig; name = "Pods-V2EX.debug.xcconfig"; path = "Pods/Target Support Files/Pods-V2EX/Pods-V2EX.debug.xcconfig"; sourceTree = "<group>"; };
/* End PBXFileReference section */

/* Begin PBXFrameworksBuildPhase section */
		5E14976C1A13A1890034F34F /* Frameworks */ = {
			isa = PBXFrameworksBuildPhase;
			buildActionMask = 2147483647;
			files = (
				131CF9BDD68D1C13B2CEFE63 /* Pods.framework in Frameworks */,
				5E29CF471B7838BB0071B54D /* StoreKit.framework in Frameworks */,
			);
			runOnlyForDeploymentPostprocessing = 0;
		};
/* End PBXFrameworksBuildPhase section */

/* Begin PBXGroup section */
		00BC52AF0A2E84FAC5B53221 /* Pods */ = {
			isa = PBXGroup;
			children = (
				8B13FFA5AACFE1A505B3DE75 /* Pods.debug.xcconfig */,
				35C98C0EB1FE7B2748B19B73 /* Pods.release.xcconfig */,
				FABFC1370FCE50796BED607C /* Pods-V2EX.debug.xcconfig */,
				96F883E90C5AC07C8BAF4CF7 /* Pods-V2EX.release.xcconfig */,
			);
			name = Pods;
			sourceTree = "<group>";
		};
		1C91D810930C4680B49001A4 /* Frameworks */ = {
			isa = PBXGroup;
			children = (
				5E29CF461B7838BB0071B54D /* StoreKit.framework */,
				793C13B9F465CBC4090C2780 /* Pods.framework */,
			);
			name = Frameworks;
			sourceTree = "<group>";
		};
		5E1497661A13A1890034F34F = {
			isa = PBXGroup;
			children = (
				5E1497711A13A1890034F34F /* V2EX */,
				5E1497701A13A1890034F34F /* Products */,
				00BC52AF0A2E84FAC5B53221 /* Pods */,
				1C91D810930C4680B49001A4 /* Frameworks */,
			);
			sourceTree = "<group>";
		};
		5E1497701A13A1890034F34F /* Products */ = {
			isa = PBXGroup;
			children = (
				5E14976F1A13A1890034F34F /* V2EX.app */,
			);
			name = Products;
			sourceTree = "<group>";
		};
		5E1497711A13A1890034F34F /* V2EX */ = {
			isa = PBXGroup;
			children = (
				5E8DEFA51AC1C2A00036D852 /* www */,
				5E3759B81A3C7640003DB82A /* AppDelegate.swift */,
				5E5F23B01A395CD200D20FE9 /* Classes */,
				5E14977B1A13A1890034F34F /* Images.xcassets */,
				5E14977D1A13A1890034F34F /* LaunchScreen.xib */,
				5E1497781A13A1890034F34F /* Main.storyboard */,
				5E1497721A13A1890034F34F /* Supporting Files */,
			);
			path = V2EX;
			sourceTree = "<group>";
		};
		5E1497721A13A1890034F34F /* Supporting Files */ = {
			isa = PBXGroup;
			children = (
				5EFF89451A13A26D0091C84B /* V2EX-Bridging-Header.h */,
				5E1497731A13A1890034F34F /* Info.plist */,
				5E8DEF961AC1BC1C0036D852 /* default_nodes.plist */,
			);
			name = "Supporting Files";
			sourceTree = "<group>";
		};
		5E38F3DA1AD90D3100186E18 /* BaseClasses */ = {
			isa = PBXGroup;
			children = (
				5E38F3DE1AD90D5A00186E18 /* V2EXTableViewController.swift */,
			);
			path = BaseClasses;
			sourceTree = "<group>";
		};
		5E5F23B01A395CD200D20FE9 /* Classes */ = {
			isa = PBXGroup;
			children = (
				5E5F23B11A395DBD00D20FE9 /* Controllers */,
				5E5F23BA1A395DBD00D20FE9 /* Models */,
				5EF1E7FD1A3D6FEA00D61475 /* Networking */,
				5E7A0ED21A3D81D900C9251B /* Services */,
				5E5F23BD1A395DBD00D20FE9 /* System */,
				5E5F23BF1A395DBD00D20FE9 /* Utilities */,
				5E5F23C11A395DBD00D20FE9 /* ViewModels */,
				5E5F23C21A395DBD00D20FE9 /* Views */,
			);
			path = Classes;
			sourceTree = "<group>";
		};
		5E5F23B11A395DBD00D20FE9 /* Controllers */ = {
			isa = PBXGroup;
			children = (
				5E38F3DA1AD90D3100186E18 /* BaseClasses */,
				5E5F23B21A395DBD00D20FE9 /* ContainerViewController.swift */,
				5E6F31741ADA238400C477A5 /* CreateTopicViewController.swift */,
				5E5F23B31A395DBD00D20FE9 /* DiscoveryViewController.swift */,
				5E5F23B41A395DBD00D20FE9 /* NodeListViewController.swift */,
				5E9AD4291ADA027100F40CA4 /* NodeSearchViewController.swift */,
				5E5F23B61A395DBD00D20FE9 /* RootViewController.swift */,
				5E5F23B71A395DBD00D20FE9 /* TopicListViewController.swift */,
				5E83EAD71AB544B90008E877 /* TopicViewController.swift */,
				5E8523F41ABD7B2D00B7B8C4 /* UserFavoriteController.swift */,
				5EC87D501ABC42E200AB071F /* UserLoginViewController.swift */,
				5E8523F11ABD7B2000B7B8C4 /* UserNotificationViewController.swift */,
				5E8523EE1ABD7B0F00B7B8C4 /* UserReplyListController.swift */,
				5E8523EB1ABD7B0200B7B8C4 /* UserTopicListViewController.swift */,
				5E5F23B91A395DBD00D20FE9 /* UserViewController.swift */,
				5EC734351B2BE1EE0082D920 /* BrowserViewController.swift */,
				5E4D5D0D1B6633FF002A05EE /* ReplyTopicViewController.swift */,
				5E4C0CC21B77381400306C16 /* PreferenceViewController.swift */,
				5E29CF481B783AAE0071B54D /* PurchaseViewController.swift */,
			);
			path = Controllers;
			sourceTree = "<group>";
		};
		5E5F23BA1A395DBD00D20FE9 /* Models */ = {
			isa = PBXGroup;
			children = (
				5E5F23BB1A395DBD00D20FE9 /* Topic.swift */,
				5E5F23BC1A395DBD00D20FE9 /* User.swift */,
				5E7A0ECE1A3D79F600C9251B /* StorableProtocol.swift */,
				5E7A0ED01A3D7BCB00C9251B /* BaseModel.swift */,
				5E4AA8671A3F032900AA2F3D /* Node.swift */,
				5E2F685D1A43CB9700EEECBD /* Reply.swift */,
				5E1C98301AD0004600E89A1A /* Notification.swift */,
			);
			path = Models;
			sourceTree = "<group>";
		};
		5E5F23BD1A395DBD00D20FE9 /* System */ = {
			isa = PBXGroup;
			children = (
			);
			path = System;
			sourceTree = "<group>";
		};
		5E5F23BF1A395DBD00D20FE9 /* Utilities */ = {
			isa = PBXGroup;
			children = (
				5E8523E51ABD5C2000B7B8C4 /* DateOperators.swift */,
				5E8523E81ABD5E6300B7B8C4 /* NSDateComponentsExtension.swift */,
				5EC87D661ABC545500AB071F /* NSDateExtension.swift */,
				5EC87D691ABC579800AB071F /* SessionStorage.swift */,
				5E2208EA1A3DD52100A88A51 /* StringExtension.swift */,
				5E9829091A3DC1DE001B1E25 /* TFHppleExtension.swift */,
				5E5F23B81A395DBD00D20FE9 /* UIViewControllerExtension.swift */,
				5E5F23C01A395DBD00D20FE9 /* Utils.swift */,
				5E8DEFBC1AC29BF20036D852 /* WebViewAction.swift */,
				5E5216611AD932760017187C /* UITableView+UITableView_CustomMJRefresh.h */,
				5E5216621AD932760017187C /* UITableView+UITableView_CustomMJRefresh.m */,
				5EF398A41B7A31C20005D60B /* V2EXError.swift */,
				5E7AB0CF1B7C5D1A0008B7AA /* AnimationHelper.swift */,
				5EA316901B7ED15500E57843 /* MemoryCache.swift */,
			);
			path = Utilities;
			sourceTree = "<group>";
		};
		5E5F23C11A395DBD00D20FE9 /* ViewModels */ = {
			isa = PBXGroup;
			children = (
				5E4AA86C1A3F0EA000AA2F3D /* TopicListCellViewModel.swift */,
				5E58D2DE1AB71913003058D6 /* TopicViewModel.swift */,
				5ED345CC1ABE733300B5E286 /* UserTopicListCellViewModel.swift */,
				5ED345DF1ABEB45A00B5E286 /* UserReplyListCellViewModel.swift */,
				5E38F3D51AD8D37500186E18 /* UserNotificationListCellViewModel.swift */,
			);
			path = ViewModels;
			sourceTree = "<group>";
		};
		5E5F23C21A395DBD00D20FE9 /* Views */ = {
			isa = PBXGroup;
			children = (
				5E5F23C31A395DBD00D20FE9 /* CatPaginatedScrollView.swift */,
				5E5F23C41A395DBD00D20FE9 /* HMSegmentedControlExtension.swift */,
				5E5F23C51A395DBD00D20FE9 /* TopicListCell.swift */,
				5E924B6F1B6BC25D00182F3F /* UserInfoView.swift */,
				5E924B731B6BC38600182F3F /* UserInfoView.xib */,
				5E84FDBC1AC857DF00F55D15 /* UserNotificationListCell.swift */,
				5ED345DC1ABEB3C100B5E286 /* UserReplyTableViewCell.swift */,
				5E8523F71ABD831F00B7B8C4 /* UserTopicTableViewCell.swift */,
				5E4C0CBE1B76F9C500306C16 /* UserInfoTableViewCell.swift */,
				5E4C0CC01B77047D00306C16 /* UserIntroTableViewCell.swift */,
			);
			path = Views;
			sourceTree = "<group>";
		};
		5E7A0ED21A3D81D900C9251B /* Services */ = {
			isa = PBXGroup;
			children = (
				5EC957B61A3DBB56005E5428 /* TopicSerivce.swift */,
				5EC87D5F1ABC4DAD00AB071F /* SessionService.swift */,
				5E8523D61ABD525200B7B8C4 /* UserService.swift */,
				5E1C98241ACFFFC300E89A1A /* NotificationService.swift */,
				5E6F316D1ADA068A00C477A5 /* NodeService.swift */,
			);
			path = Services;
			sourceTree = "<group>";
		};
		5E8DEFA51AC1C2A00036D852 /* www */ = {
			isa = PBXGroup;
			children = (
				5E8DEFA61AC1C2A00036D852 /* css */,
				5E8DEFA81AC1C2A00036D852 /* html */,
				5E8DEFAA1AC1C2A00036D852 /* img */,
				5E8DEFAD1AC1C2A00036D852 /* js */,
			);
			path = www;
			sourceTree = "<group>";
		};
		5E8DEFA61AC1C2A00036D852 /* css */ = {
			isa = PBXGroup;
			children = (
				5E8DEFA71AC1C2A00036D852 /* style.css */,
			);
			path = css;
			sourceTree = "<group>";
		};
		5E8DEFA81AC1C2A00036D852 /* html */ = {
			isa = PBXGroup;
			children = (
				5EA63C6A1B08701500431C96 /* topic.html */,
				5E8DEFA91AC1C2A00036D852 /* node_list.html */,
			);
			path = html;
			sourceTree = "<group>";
		};
		5E8DEFAA1AC1C2A00036D852 /* img */ = {
			isa = PBXGroup;
			children = (
				5E546A441B801EBC00DD2059 /* avatar_placeholder.png */,
				5E8DEFAB1AC1C2A00036D852 /* appreciation_icon.png */,
				5E8DEFAC1AC1C2A00036D852 /* favorite_icon.png */,
			);
			path = img;
			sourceTree = "<group>";
		};
		5E8DEFAD1AC1C2A00036D852 /* js */ = {
			isa = PBXGroup;
			children = (
				5EA63C661B08700A00431C96 /* node_list_bundle.js */,
				5EA63C671B08700A00431C96 /* topic_bundle.js */,
			);
			path = js;
			sourceTree = "<group>";
		};
		5EF1E7FD1A3D6FEA00D61475 /* Networking */ = {
			isa = PBXGroup;
			children = (
				5E83B7291A3D8FD60079AB3E /* Networking.swift */,
				5EC957C21A3DBFFF005E5428 /* V2EXNetworking.swift */,
				5E4D5D0F1B66743B002A05EE /* ThirdPartyNetworking.swift */,
			);
			path = Networking;
			sourceTree = "<group>";
		};
/* End PBXGroup section */

/* Begin PBXNativeTarget section */
		5E14976E1A13A1890034F34F /* V2EX */ = {
			isa = PBXNativeTarget;
			buildConfigurationList = 5E14978E1A13A1890034F34F /* Build configuration list for PBXNativeTarget "V2EX" */;
			buildPhases = (
				C49D4C822CF732707E7D1C1A /* Check Pods Manifest.lock */,
				5E14976B1A13A1890034F34F /* Sources */,
				5E14976C1A13A1890034F34F /* Frameworks */,
				5E14976D1A13A1890034F34F /* Resources */,
				752FCBF7FFED197008783B2A /* Copy Pods Resources */,
				5E4AA8721A3F14E100AA2F3D /* Embed Frameworks */,
				165CA217A83556CD743922FF /* Embed Pods Frameworks */,
			);
			buildRules = (
			);
			dependencies = (
			);
			name = V2EX;
			productName = V2EX;
			productReference = 5E14976F1A13A1890034F34F /* V2EX.app */;
			productType = "com.apple.product-type.application";
		};
/* End PBXNativeTarget section */

/* Begin PBXProject section */
		5E1497671A13A1890034F34F /* Project object */ = {
			isa = PBXProject;
			attributes = {
				LastSwiftUpdateCheck = 0700;
				LastUpgradeCheck = 0630;
				ORGANIZATIONNAME = WildCat;
				TargetAttributes = {
					5E14976E1A13A1890034F34F = {
						CreatedOnToolsVersion = 6.1;
						DevelopmentTeam = 6XENCH3F68;
						SystemCapabilities = {
							com.apple.InAppPurchase = {
								enabled = 1;
							};
							com.apple.VPNLite = {
								enabled = 0;
							};
						};
					};
				};
			};
			buildConfigurationList = 5E14976A1A13A1890034F34F /* Build configuration list for PBXProject "V2EX" */;
			compatibilityVersion = "Xcode 3.2";
			developmentRegion = English;
			hasScannedForEncodings = 0;
			knownRegions = (
				en,
				Base,
			);
			mainGroup = 5E1497661A13A1890034F34F;
			productRefGroup = 5E1497701A13A1890034F34F /* Products */;
			projectDirPath = "";
			projectRoot = "";
			targets = (
				5E14976E1A13A1890034F34F /* V2EX */,
			);
		};
/* End PBXProject section */

/* Begin PBXResourcesBuildPhase section */
		5E14976D1A13A1890034F34F /* Resources */ = {
			isa = PBXResourcesBuildPhase;
			buildActionMask = 2147483647;
			files = (
				5EA63C681B08700A00431C96 /* node_list_bundle.js in Resources */,
				5E8DEFB21AC1C2A00036D852 /* node_list.html in Resources */,
				5E14977A1A13A1890034F34F /* Main.storyboard in Resources */,
				5E924B741B6BC38600182F3F /* UserInfoView.xib in Resources */,
				5E14977F1A13A1890034F34F /* LaunchScreen.xib in Resources */,
				5EA63C6B1B08701500431C96 /* topic.html in Resources */,
				5E8DEFB01AC1C2A00036D852 /* style.css in Resources */,
				5E546A451B801EBC00DD2059 /* avatar_placeholder.png in Resources */,
				5E8DEFB61AC1C2A00036D852 /* favorite_icon.png in Resources */,
				5E8DEFB41AC1C2A00036D852 /* appreciation_icon.png in Resources */,
				5E14977C1A13A1890034F34F /* Images.xcassets in Resources */,
				5EA63C691B08700A00431C96 /* topic_bundle.js in Resources */,
				5E8DEF971AC1BC1C0036D852 /* default_nodes.plist in Resources */,
			);
			runOnlyForDeploymentPostprocessing = 0;
		};
/* End PBXResourcesBuildPhase section */

/* Begin PBXShellScriptBuildPhase section */
		165CA217A83556CD743922FF /* Embed Pods Frameworks */ = {
			isa = PBXShellScriptBuildPhase;
			buildActionMask = 2147483647;
			files = (
			);
			inputPaths = (
			);
			name = "Embed Pods Frameworks";
			outputPaths = (
			);
			runOnlyForDeploymentPostprocessing = 0;
			shellPath = /bin/sh;
			shellScript = "\"${SRCROOT}/Pods/Target Support Files/Pods/Pods-frameworks.sh\"\n";
			showEnvVarsInLog = 0;
		};
		752FCBF7FFED197008783B2A /* Copy Pods Resources */ = {
			isa = PBXShellScriptBuildPhase;
			buildActionMask = 2147483647;
			files = (
			);
			inputPaths = (
			);
			name = "Copy Pods Resources";
			outputPaths = (
			);
			runOnlyForDeploymentPostprocessing = 0;
			shellPath = /bin/sh;
			shellScript = "\"${SRCROOT}/Pods/Target Support Files/Pods/Pods-resources.sh\"\n";
			showEnvVarsInLog = 0;
		};
		C49D4C822CF732707E7D1C1A /* Check Pods Manifest.lock */ = {
			isa = PBXShellScriptBuildPhase;
			buildActionMask = 2147483647;
			files = (
			);
			inputPaths = (
			);
			name = "Check Pods Manifest.lock";
			outputPaths = (
			);
			runOnlyForDeploymentPostprocessing = 0;
			shellPath = /bin/sh;
			shellScript = "diff \"${PODS_ROOT}/../Podfile.lock\" \"${PODS_ROOT}/Manifest.lock\" > /dev/null\nif [[ $? != 0 ]] ; then\n    cat << EOM\nerror: The sandbox is not in sync with the Podfile.lock. Run 'pod install' or update your CocoaPods installation.\nEOM\n    exit 1\nfi\n";
			showEnvVarsInLog = 0;
		};
/* End PBXShellScriptBuildPhase section */

/* Begin PBXSourcesBuildPhase section */
		5E14976B1A13A1890034F34F /* Sources */ = {
			isa = PBXSourcesBuildPhase;
			buildActionMask = 2147483647;
			files = (
				5E5F23CA1A395DBD00D20FE9 /* RootViewController.swift in Sources */,
				5E8523EC1ABD7B0200B7B8C4 /* UserTopicListViewController.swift in Sources */,
				5ED345DD1ABEB3C100B5E286 /* UserReplyTableViewCell.swift in Sources */,
				5E4C0CC31B77381400306C16 /* PreferenceViewController.swift in Sources */,
				5E5F23CE1A395DBD00D20FE9 /* Topic.swift in Sources */,
				5EC734361B2BE1EE0082D920 /* BrowserViewController.swift in Sources */,
				5E5F23CD1A395DBD00D20FE9 /* UserViewController.swift in Sources */,
				5E4C0CBF1B76F9C500306C16 /* UserInfoTableViewCell.swift in Sources */,
				5E7AB0D01B7C5D1A0008B7AA /* AnimationHelper.swift in Sources */,
				5E83B72A1A3D8FD60079AB3E /* Networking.swift in Sources */,
				5E3759B91A3C7640003DB82A /* AppDelegate.swift in Sources */,
				5E29CF491B783AAE0071B54D /* PurchaseViewController.swift in Sources */,
				5E5F23C61A395DBD00D20FE9 /* ContainerViewController.swift in Sources */,
				5E9AD42A1ADA027100F40CA4 /* NodeSearchViewController.swift in Sources */,
				5E8523EF1ABD7B0F00B7B8C4 /* UserReplyListController.swift in Sources */,
				5EC87D601ABC4DAD00AB071F /* SessionService.swift in Sources */,
				5E5216631AD932760017187C /* UITableView+UITableView_CustomMJRefresh.m in Sources */,
				5E4AA86D1A3F0EA000AA2F3D /* TopicListCellViewModel.swift in Sources */,
				5E8523F51ABD7B2D00B7B8C4 /* UserFavoriteController.swift in Sources */,
				5E4D5D0E1B6633FF002A05EE /* ReplyTopicViewController.swift in Sources */,
				5E8523F21ABD7B2000B7B8C4 /* UserNotificationViewController.swift in Sources */,
				5E6F316E1ADA068A00C477A5 /* NodeService.swift in Sources */,
				5EF398A51B7A31C20005D60B /* V2EXError.swift in Sources */,
				5E1C98251ACFFFC300E89A1A /* NotificationService.swift in Sources */,
				5ED345E01ABEB45A00B5E286 /* UserReplyListCellViewModel.swift in Sources */,
				5EC87D6A1ABC579800AB071F /* SessionStorage.swift in Sources */,
				5E5F23CB1A395DBD00D20FE9 /* TopicListViewController.swift in Sources */,
				5E5F23C81A395DBD00D20FE9 /* NodeListViewController.swift in Sources */,
				5EC957C31A3DBFFF005E5428 /* V2EXNetworking.swift in Sources */,
				5E8DEFBD1AC29BF20036D852 /* WebViewAction.swift in Sources */,
				5E4AA8681A3F032900AA2F3D /* Node.swift in Sources */,
				5E8523F81ABD831F00B7B8C4 /* UserTopicTableViewCell.swift in Sources */,
				5E2F685E1A43CB9700EEECBD /* Reply.swift in Sources */,
				5E4C0CC11B77047D00306C16 /* UserIntroTableViewCell.swift in Sources */,
				5E6F31751ADA238400C477A5 /* CreateTopicViewController.swift in Sources */,
				5E5F23D31A395DBD00D20FE9 /* HMSegmentedControlExtension.swift in Sources */,
				5EC87D511ABC42E200AB071F /* UserLoginViewController.swift in Sources */,
				5E5F23D41A395DBD00D20FE9 /* TopicListCell.swift in Sources */,
				5E1C98311AD0004600E89A1A /* Notification.swift in Sources */,
				5EC87D671ABC545500AB071F /* NSDateExtension.swift in Sources */,
				5E98290A1A3DC1DE001B1E25 /* TFHppleExtension.swift in Sources */,
				5E5F23C71A395DBD00D20FE9 /* DiscoveryViewController.swift in Sources */,
				5ED345CD1ABE733300B5E286 /* UserTopicListCellViewModel.swift in Sources */,
				5E5F23CC1A395DBD00D20FE9 /* UIViewControllerExtension.swift in Sources */,
				5E7A0ED11A3D7BCB00C9251B /* BaseModel.swift in Sources */,
				5E8523E61ABD5C2000B7B8C4 /* DateOperators.swift in Sources */,
				5E5F23D21A395DBD00D20FE9 /* CatPaginatedScrollView.swift in Sources */,
				5E58D2DF1AB71913003058D6 /* TopicViewModel.swift in Sources */,
				5E38F3DF1AD90D5A00186E18 /* V2EXTableViewController.swift in Sources */,
				5E924B701B6BC25D00182F3F /* UserInfoView.swift in Sources */,
				5E5F23CF1A395DBD00D20FE9 /* User.swift in Sources */,
				5E83EAD81AB544B90008E877 /* TopicViewController.swift in Sources */,
				5E5F23D11A395DBD00D20FE9 /* Utils.swift in Sources */,
				5E8523D71ABD525200B7B8C4 /* UserService.swift in Sources */,
				5E84FDBD1AC857DF00F55D15 /* UserNotificationListCell.swift in Sources */,
				5EA316911B7ED15500E57843 /* MemoryCache.swift in Sources */,
				5E38F3D61AD8D37500186E18 /* UserNotificationListCellViewModel.swift in Sources */,
				5E8523E91ABD5E6300B7B8C4 /* NSDateComponentsExtension.swift in Sources */,
				5EC957B71A3DBB56005E5428 /* TopicSerivce.swift in Sources */,
				5E2208EB1A3DD52100A88A51 /* StringExtension.swift in Sources */,
				5E4D5D101B66743B002A05EE /* ThirdPartyNetworking.swift in Sources */,
				5E7A0ECF1A3D79F600C9251B /* StorableProtocol.swift in Sources */,
			);
			runOnlyForDeploymentPostprocessing = 0;
		};
/* End PBXSourcesBuildPhase section */

/* Begin PBXVariantGroup section */
		5E1497781A13A1890034F34F /* Main.storyboard */ = {
			isa = PBXVariantGroup;
			children = (
				5E1497791A13A1890034F34F /* Base */,
			);
			name = Main.storyboard;
			sourceTree = "<group>";
		};
		5E14977D1A13A1890034F34F /* LaunchScreen.xib */ = {
			isa = PBXVariantGroup;
			children = (
				5E14977E1A13A1890034F34F /* Base */,
			);
			name = LaunchScreen.xib;
			sourceTree = "<group>";
		};
/* End PBXVariantGroup section */

/* Begin XCBuildConfiguration section */
		5E61ACBB1AD6701E000C27F5 /* Debug */ = {
			isa = XCBuildConfiguration;
			buildSettings = {
				ALWAYS_SEARCH_USER_PATHS = NO;
				CLANG_CXX_LANGUAGE_STANDARD = "gnu++0x";
				CLANG_CXX_LIBRARY = "libc++";
				CLANG_ENABLE_MODULES = YES;
				CLANG_ENABLE_OBJC_ARC = YES;
				CLANG_WARN_BOOL_CONVERSION = YES;
				CLANG_WARN_CONSTANT_CONVERSION = YES;
				CLANG_WARN_DIRECT_OBJC_ISA_USAGE = YES_ERROR;
				CLANG_WARN_EMPTY_BODY = YES;
				CLANG_WARN_ENUM_CONVERSION = YES;
				CLANG_WARN_INT_CONVERSION = YES;
				CLANG_WARN_OBJC_ROOT_CLASS = YES_ERROR;
				CLANG_WARN_UNREACHABLE_CODE = YES;
				CLANG_WARN__DUPLICATE_METHOD_MATCH = YES;
				"CODE_SIGN_IDENTITY[sdk=iphoneos*]" = "iPhone Developer";
				COPY_PHASE_STRIP = YES;
				ENABLE_NS_ASSERTIONS = NO;
				ENABLE_STRICT_OBJC_MSGSEND = YES;
				GCC_C_LANGUAGE_STANDARD = gnu99;
				GCC_WARN_64_TO_32_BIT_CONVERSION = YES;
				GCC_WARN_ABOUT_RETURN_TYPE = YES_ERROR;
				GCC_WARN_UNDECLARED_SELECTOR = YES;
				GCC_WARN_UNINITIALIZED_AUTOS = YES_AGGRESSIVE;
				GCC_WARN_UNUSED_FUNCTION = YES;
				GCC_WARN_UNUSED_VARIABLE = YES;
				GENERATE_PROFILING_CODE = NO;
				IPHONEOS_DEPLOYMENT_TARGET = 8.0;
				MTL_ENABLE_DEBUG_INFO = NO;
				ONLY_ACTIVE_ARCH = YES;
				SDKROOT = iphoneos;
				TARGETED_DEVICE_FAMILY = "1,2";
				VALIDATE_PRODUCT = YES;
			};
			name = Debug;
		};
		5E61ACBC1AD6701E000C27F5 /* Debug */ = {
			isa = XCBuildConfiguration;
			baseConfigurationReference = 8B13FFA5AACFE1A505B3DE75 /* Pods.debug.xcconfig */;
			buildSettings = {
				ASSETCATALOG_COMPILER_APPICON_NAME = AppIcon;
				CODE_SIGN_IDENTITY = "iPhone Developer";
				"CODE_SIGN_IDENTITY[sdk=iphoneos*]" = "iPhone Developer";
				EMBEDDED_CONTENT_CONTAINS_SWIFT = YES;
				FRAMEWORK_SEARCH_PATHS = (
					"\"$PODS_FRAMEWORK_BUILD_PATH\"",
					"$(inherited)",
				);
				INFOPLIST_FILE = V2EX/Info.plist;
				IPHONEOS_DEPLOYMENT_TARGET = 8.0;
				LD_RUNPATH_SEARCH_PATHS = "$(inherited) @executable_path/Frameworks";
				LIBRARY_SEARCH_PATHS = "$(inherited)";
				OTHER_LDFLAGS = (
					"$(inherited)",
					"-ObjC",
					"-framework",
					"\"AFNetworking\"",
					"-framework",
					"\"Alamofire\"",
					"-framework",
					"\"Appirater\"",
					"-framework",
					"\"FMDB\"",
					"-framework",
					"\"HMSegmentedControl\"",
					"-framework",
					"\"IQKeyboardManager\"",
					"-framework",
					"\"KVNProgress\"",
					"-framework",
					"\"MBProgressHUD\"",
					"-framework",
					"\"RNFrostedSidebar\"",
					"-framework",
					"\"SDWebImage\"",
					"-framework",
					"\"SimpleKeychain\"",
					"-framework",
					"\"TTTAttributedLabel\"",
					"-framework",
					"\"YTKKeyValueStore\"",
					"-framework",
					"\"hpple\"",
					"-framework",
					"\"pop\"",
				);
				PRODUCT_NAME = "$(TARGET_NAME)";
				PROVISIONING_PROFILE = "";
				SWIFT_OBJC_BRIDGING_HEADER = "V2EX/V2EX-Bridging-Header.h";
				TARGETED_DEVICE_FAMILY = 1;
			};
			name = Debug;
		};
		5E61ACBE1AD67029000C27F5 /* Release */ = {
			isa = XCBuildConfiguration;
			buildSettings = {
				ALWAYS_SEARCH_USER_PATHS = NO;
				CLANG_CXX_LANGUAGE_STANDARD = "gnu++0x";
				CLANG_CXX_LIBRARY = "libc++";
				CLANG_ENABLE_MODULES = YES;
				CLANG_ENABLE_OBJC_ARC = YES;
				CLANG_WARN_BOOL_CONVERSION = YES;
				CLANG_WARN_CONSTANT_CONVERSION = YES;
				CLANG_WARN_DIRECT_OBJC_ISA_USAGE = YES_ERROR;
				CLANG_WARN_EMPTY_BODY = YES;
				CLANG_WARN_ENUM_CONVERSION = YES;
				CLANG_WARN_INT_CONVERSION = YES;
				CLANG_WARN_OBJC_ROOT_CLASS = YES_ERROR;
				CLANG_WARN_UNREACHABLE_CODE = YES;
				CLANG_WARN__DUPLICATE_METHOD_MATCH = YES;
				"CODE_SIGN_IDENTITY[sdk=iphoneos*]" = "iPhone Developer";
				COPY_PHASE_STRIP = YES;
				ENABLE_NS_ASSERTIONS = NO;
				ENABLE_STRICT_OBJC_MSGSEND = YES;
				GCC_C_LANGUAGE_STANDARD = gnu99;
				GCC_WARN_64_TO_32_BIT_CONVERSION = YES;
				GCC_WARN_ABOUT_RETURN_TYPE = YES_ERROR;
				GCC_WARN_UNDECLARED_SELECTOR = YES;
				GCC_WARN_UNINITIALIZED_AUTOS = YES_AGGRESSIVE;
				GCC_WARN_UNUSED_FUNCTION = YES;
				GCC_WARN_UNUSED_VARIABLE = YES;
				GENERATE_PROFILING_CODE = NO;
				IPHONEOS_DEPLOYMENT_TARGET = 8.0;
				MTL_ENABLE_DEBUG_INFO = NO;
				SDKROOT = iphoneos;
				TARGETED_DEVICE_FAMILY = "1,2";
				VALIDATE_PRODUCT = YES;
			};
			name = Release;
		};
		5E61ACBF1AD67029000C27F5 /* Release */ = {
			isa = XCBuildConfiguration;
			baseConfigurationReference = 35C98C0EB1FE7B2748B19B73 /* Pods.release.xcconfig */;
			buildSettings = {
				ASSETCATALOG_COMPILER_APPICON_NAME = AppIcon;
				CODE_SIGN_IDENTITY = "iPhone Developer";
				"CODE_SIGN_IDENTITY[sdk=iphoneos*]" = "iPhone Developer";
				EMBEDDED_CONTENT_CONTAINS_SWIFT = YES;
				FRAMEWORK_SEARCH_PATHS = (
					"\"$PODS_FRAMEWORK_BUILD_PATH\"",
					"$(inherited)",
				);
				INFOPLIST_FILE = V2EX/Info.plist;
				IPHONEOS_DEPLOYMENT_TARGET = 8.0;
				LD_RUNPATH_SEARCH_PATHS = "$(inherited) @executable_path/Frameworks";
				LIBRARY_SEARCH_PATHS = "$(inherited)";
				OTHER_LDFLAGS = (
					"$(inherited)",
					"-ObjC",
					"-framework",
					"\"AFNetworking\"",
					"-framework",
					"\"Alamofire\"",
					"-framework",
					"\"Appirater\"",
					"-framework",
					"\"FMDB\"",
					"-framework",
					"\"HMSegmentedControl\"",
					"-framework",
					"\"IQKeyboardManager\"",
					"-framework",
					"\"KVNProgress\"",
					"-framework",
					"\"MBProgressHUD\"",
					"-framework",
					"\"RNFrostedSidebar\"",
					"-framework",
					"\"SDWebImage\"",
					"-framework",
					"\"SimpleKeychain\"",
					"-framework",
					"\"TTTAttributedLabel\"",
					"-framework",
					"\"YTKKeyValueStore\"",
					"-framework",
					"\"hpple\"",
					"-framework",
					"\"pop\"",
				);
				PRODUCT_NAME = "$(TARGET_NAME)";
				PROVISIONING_PROFILE = "";
				SWIFT_OBJC_BRIDGING_HEADER = "V2EX/V2EX-Bridging-Header.h";
				TARGETED_DEVICE_FAMILY = 1;
			};
			name = Release;
		};
/* End XCBuildConfiguration section */

/* Begin XCConfigurationList section */
		5E14976A1A13A1890034F34F /* Build configuration list for PBXProject "V2EX" */ = {
			isa = XCConfigurationList;
			buildConfigurations = (
				5E61ACBB1AD6701E000C27F5 /* Debug */,
				5E61ACBE1AD67029000C27F5 /* Release */,
			);
			defaultConfigurationIsVisible = 0;
			defaultConfigurationName = Debug;
		};
		5E14978E1A13A1890034F34F /* Build configuration list for PBXNativeTarget "V2EX" */ = {
			isa = XCConfigurationList;
			buildConfigurations = (
				5E61ACBC1AD6701E000C27F5 /* Debug */,
				5E61ACBF1AD67029000C27F5 /* Release */,
			);
			defaultConfigurationIsVisible = 0;
			defaultConfigurationName = Debug;
		};
/* End XCConfigurationList section */
	};
	rootObject = 5E1497671A13A1890034F34F /* Project object */;
}
